{
  "lockfileVersion": 1,
  "configVersion": 1,
  "workspaces": {
    "": {
      "name": "@czottmann/pi-automode",
      "dependencies": {
        "typebox": "*",
        "unbash": "4.0.10",
      },
    },
  },
  "packages": {
    "typebox": ["typebox@1.3.34", "", {}, "sha512-wbnzrXXDW8xEFHDZZs2jo1MkhaYlKAY4FRhpBc1+2LF1fZVBGCXGdLEhA/Z/NBbgzJMFfeM8m7elKPa/+KxaUQ=="],

    "unbash": ["unbash@4.0.10", "", {}, "sha512-b7zoBQvpWp0vuN5q2vK2RRBR2SvuruQAs50DApdDveBSn3eSYd84IaHodFqQIMlvY9K2VnyBUEXgwOBuGU9GBg=="],
  }
}
