{
  "lockfileVersion": 1,
  "configVersion": 0,
  "workspaces": {
    "": {
      "name": "pi-lens",
      "dependencies": {
        "@ast-grep/cli": "^0.45.0",
        "@ast-grep/napi": "^0.45.0",
        "js-yaml": "^5.2.2",
        "minimatch": "^10.2.6",
        "pidusage": "^4.0.1",
        "vscode-jsonrpc": "^9.0.0",
      },
      "optionalDependencies": {
        "jiti": "^2.7.0",
        "web-tree-sitter": "0.25.10",
      },
    },
  },
  "overrides": {
    "qs": "^6.15.4",
  },
  "packages": {
    "@ast-grep/cli": ["@ast-grep/cli@0.45.3", "", { "dependencies": { "detect-libc": "2.1.2" }, "optionalDependencies": { "@ast-grep/cli-darwin-arm64": "0.45.3", "@ast-grep/cli-darwin-x64": "0.45.3", "@ast-grep/cli-linux-arm64-gnu": "0.45.3", "@ast-grep/cli-linux-x64-gnu": "0.45.3", "@ast-grep/cli-win32-arm64-msvc": "0.45.3", "@ast-grep/cli-win32-ia32-msvc": "0.45.3", "@ast-grep/cli-win32-x64-msvc": "0.45.3" }, "bin": { "sg": "sg", "ast-grep": "ast-grep" } }, "sha512-Cm07SHb8Q8dJfAQhrPOveAGuuzznmf6IjQa2+0Yvjt8Qfo+XIVbEIo0Prng+UDVMlaCS/FkF2eA8M3F6z4+0Wg=="],

    "@ast-grep/cli-darwin-arm64": ["@ast-grep/cli-darwin-arm64@0.45.3", "", { "os": "darwin", "cpu": "arm64" }, "sha512-6RZg4gRMJcSJtEJuaW5z33qfwXD7kRDGZ0T0dTxVxsLSw5BkeAjR8REysxUwPWZn+oOkzPyZ3y7/qNnSI/diIA=="],

    "@ast-grep/cli-darwin-x64": ["@ast-grep/cli-darwin-x64@0.45.3", "", { "os": "darwin", "cpu": "x64" }, "sha512-4z6ZknTMSlTirQuJ4xihXoLfG7YwAOxFCqkKuGAxAiP+K70zivib8R19vUoFJDy4s+rjyGNDdrm45/ClC5tITQ=="],

    "@ast-grep/cli-linux-arm64-gnu": ["@ast-grep/cli-linux-arm64-gnu@0.45.3", "", { "os": "linux", "cpu": "arm64" }, "sha512-T/N+Fl/pMqNjuyPV9PbTSR2bTlZrLKiCyHzJax6QNaOOVviXjEscROrAc6c0lFfc+Z07gW7Rt3oZKZdLEExutQ=="],

    "@ast-grep/cli-linux-x64-gnu": ["@ast-grep/cli-linux-x64-gnu@0.45.3", "", { "os": "linux", "cpu": "x64" }, "sha512-HbxIy6tZa8zn4J2hG8KVIo9n4+INAgVB8l2DyHqYxGKxnod8u2B4hfTGxbMm+BjBvYxKW4oGLZtYqInMyxidyQ=="],

    "@ast-grep/cli-win32-arm64-msvc": ["@ast-grep/cli-win32-arm64-msvc@0.45.3", "", { "os": "win32", "cpu": "arm64" }, "sha512-X0+81Mgr8zsH6hu4Pqdr5h1IyAFUWbKS1PMkKT6awYiiTo/1uhVM/6WzJ+ohOQPmMTyt4poyyg46u2E4WzKECg=="],

    "@ast-grep/cli-win32-ia32-msvc": ["@ast-grep/cli-win32-ia32-msvc@0.45.3", "", { "os": "win32", "cpu": "ia32" }, "sha512-W4H27lU/xzzIOvRo4vDTjzq91PioLCjupR7jLmLVkAqAkX2YiNRixf8NjMcQgzAgr33jUsMlyutiTElLgi1O9g=="],

    "@ast-grep/cli-win32-x64-msvc": ["@ast-grep/cli-win32-x64-msvc@0.45.3", "", { "os": "win32", "cpu": "x64" }, "sha512-UZrpVbjLQqQIRxWqeMcwyLSIhlDZyhYb8SinssM38Oo6mEB2jMfHCEoigay9UOZTfUR268n72BBV48nW2h+QwA=="],

    "@ast-grep/napi": ["@ast-grep/napi@0.45.3", "", { "optionalDependencies": { "@ast-grep/napi-darwin-arm64": "0.45.3", "@ast-grep/napi-darwin-x64": "0.45.3", "@ast-grep/napi-linux-arm64-gnu": "0.45.3", "@ast-grep/napi-linux-arm64-musl": "0.45.3", "@ast-grep/napi-linux-x64-gnu": "0.45.3", "@ast-grep/napi-linux-x64-musl": "0.45.3", "@ast-grep/napi-win32-arm64-msvc": "0.45.3", "@ast-grep/napi-win32-ia32-msvc": "0.45.3", "@ast-grep/napi-win32-x64-msvc": "0.45.3" } }, "sha512-bjJsUt0g3UCwbn9bjv7MnoR15rszSm79yPCXn4DWWK0NuYUUqBU/srtNMR4WnpfR7TnfBRdYFoqSNx0pGCNWJg=="],

    "@ast-grep/napi-darwin-arm64": ["@ast-grep/napi-darwin-arm64@0.45.3", "", { "os": "darwin", "cpu": "arm64" }, "sha512-rMZJ6frSpR/xSbeV4hiA9WR5hHqk3rVYX8lOqEoUCaUnjEuFXvHdGN4WawJ8pVDq/IqM1UnTtsDSYgUdVmO5DA=="],

    "@ast-grep/napi-darwin-x64": ["@ast-grep/napi-darwin-x64@0.45.3", "", { "os": "darwin", "cpu": "x64" }, "sha512-tIclZ5pM+YSgk8NNTBoTkaclbS39cU5lbVfSrFWX4LUnxXfUPG+F+ppxyFjKwJTBELsGHEO4LdX3/Lc+FDwPNA=="],

    "@ast-grep/napi-linux-arm64-gnu": ["@ast-grep/napi-linux-arm64-gnu@0.45.3", "", { "os": "linux", "cpu": "arm64" }, "sha512-Bm8F7/oRHQkDXbjH+gBi9oB5huJ0q12r/AIOMIypf5PWlAVvh206Tsw468phw4Oh6kd4Ad1Z+gflNW1MutgK2g=="],

    "@ast-grep/napi-linux-arm64-musl": ["@ast-grep/napi-linux-arm64-musl@0.45.3", "", { "os": "linux", "cpu": "arm64" }, "sha512-yr5xcRerV41GeRxmZ8SKbfGeyZRhQePoNNCgTAb4OrWMelWwbMI80aY7/IlF2bo1sN40BSW4hZdGIO/akTd1RQ=="],

    "@ast-grep/napi-linux-x64-gnu": ["@ast-grep/napi-linux-x64-gnu@0.45.3", "", { "os": "linux", "cpu": "x64" }, "sha512-lluRK3hxfHMQdFuVID6seAKVx4FH0kEwF6rCh5/I40Sf3EtNR2UCBXAqd6RBA6hqlSckktvBxCfw+h4aescDmg=="],

    "@ast-grep/napi-linux-x64-musl": ["@ast-grep/napi-linux-x64-musl@0.45.3", "", { "os": "linux", "cpu": "x64" }, "sha512-09wJQKq86LqILqQtw0+X09SzhcPwUnMVFKyia7S3XLbLqSeQpAMF55Y+zll53JRQ1dCzFEZJyvTT/7j9vwfE3w=="],

    "@ast-grep/napi-win32-arm64-msvc": ["@ast-grep/napi-win32-arm64-msvc@0.45.3", "", { "os": "win32", "cpu": "arm64" }, "sha512-/HiVgw2cdtzXLDLoG4eBBcauekNXewfagy7qiVbjkVu/KcCH8dJ9lpj8DzeWwuBNtZxuD8jpiwP0M1pz3Bc3uw=="],

    "@ast-grep/napi-win32-ia32-msvc": ["@ast-grep/napi-win32-ia32-msvc@0.45.3", "", { "os": "win32", "cpu": "ia32" }, "sha512-/gwJrJQUw65uNtAFcG2rtSTr117Gqqy3bfjaljCPKsa65dTeRcMMnjKLlZ6V9/g8z+4Xf78kdhp5ECbir4yfSw=="],

    "@ast-grep/napi-win32-x64-msvc": ["@ast-grep/napi-win32-x64-msvc@0.45.3", "", { "os": "win32", "cpu": "x64" }, "sha512-CEZAMAsaDoQoVE3MT2c/ry3/ydfyaqlTjxv8DK5PG355SrdAYPgevGC2Me6tz4dhphJin89Y20VsnrS5UrYV5Q=="],

    "argparse": ["argparse@2.0.1", "", {}, "sha512-8+9WqebbFzpX9OR+Wa6O29asIogeRMzcGtAINdpMHHyAg10f05aSFVBbcEqGf/PXw1EjAZ+q2/bEBg3DvurK3Q=="],

    "balanced-match": ["balanced-match@4.0.4", "", {}, "sha512-BLrgEcRTwX2o6gGxGOCNyMvGSp35YofuYzw9h1IMTRmKqttAZZVU67bdb9Pr2vUHA8+j3i2tJfjO6C6+4myGTA=="],

    "brace-expansion": ["brace-expansion@5.0.12", "", { "dependencies": { "balanced-match": "^4.0.2" } }, "sha512-YovQ3rzhaLMIrDjNDMkNS01tea93qhEhG5xy8f6+R0l+dw3Ki+5sCoIoI942iuLZTHWogWktgwVDhU09iNEimQ=="],

    "detect-libc": ["detect-libc@2.1.2", "", {}, "sha512-Btj2BOOO83o3WyH59e8MgXsxEQVcarkUOpEYrubB0urwnN10yQ364rsiByU11nZlqWYZm05i/of7io4mzihBtQ=="],

    "jiti": ["jiti@2.7.0", "", { "bin": { "jiti": "lib/jiti-cli.mjs" } }, "sha512-AC/7JofJvZGrrneWNaEnJeOLUx+JlGt7tNa0wZiRPT4MY1wmfKjt2+6O2p2uz2+skll8OZZmJMNqeke7kKbNgQ=="],

    "js-yaml": ["js-yaml@5.4.2", "", { "dependencies": { "argparse": "^2.0.1" }, "bin": { "js-yaml": "bin/js-yaml.mjs" } }, "sha512-m+aqu+LwO1O6sIopafj8HUVl5aawITwZQe/yHpMCKjaWBaA/d07B/QdMb3529REftiU+RMMHL3Vlsw3hON7vWg=="],

    "minimatch": ["minimatch@10.2.6", "", { "dependencies": { "brace-expansion": "^5.0.8" } }, "sha512-vpLQEs+VLCr1nU0BXS07maYoFwlDAH0gngQuuttxIwutDFEMHq2blX+8vpgxDdK3J1PwjCJiep77OitTZ4Ll1A=="],

    "pidusage": ["pidusage@4.0.1", "", { "dependencies": { "safe-buffer": "^5.2.1" } }, "sha512-yCH2dtLHfEBnzlHUJymR/Z1nN2ePG3m392Mv8TFlTP1B0xkpMQNHAnfkY0n2tAi6ceKO6YWhxYfZ96V4vVkh/g=="],

    "safe-buffer": ["safe-buffer@5.2.1", "", {}, "sha512-rp3So07KcdmmKbGvgaNxQSJr7bGVSVk5S9Eq1F+ppbRo70+YeaDxkw5Dd8NPN+GD6bjnYm2VuPuCXmpuYvmCXQ=="],

    "vscode-jsonrpc": ["vscode-jsonrpc@9.0.3", "", {}, "sha512-qETYf9PCl1lVfwR+oBmMfc4vP2nqLNA35ABxorw3j06+xlKRgDVxbLgKm4Y/xPL0YWdeDjLoI4ImICIT3nB0zQ=="],

    "web-tree-sitter": ["web-tree-sitter@0.25.10", "", { "peerDependencies": { "@types/emscripten": "^1.40.0" }, "optionalPeers": ["@types/emscripten"] }, "sha512-Y09sF44/13XvgVKgO2cNDw5rGk6s26MgoZPXLESvMXeefBf7i6/73eFurre0IsTW6E14Y0ArIzhUMmjoc7xyzA=="],
  }
}
