{
  "lockfileVersion": 1,
  "configVersion": 1,
  "workspaces": {
    "": {
      "name": "@juicesharp/rpiv-todo",
      "dependencies": {
        "@juicesharp/rpiv-config": "^2.12.0",
        "typebox": "*",
      },
    },
  },
  "packages": {
    "@juicesharp/rpiv-config": ["@juicesharp/rpiv-config@2.12.0", "", { "peerDependencies": { "typebox": "*" } }, "sha512-eGjoCDCKz2JtKIUIpZ2y8CAVjxZYXCKa2D64ByozhkAWVblXsgyFLrQMk5k5Bv5RXRrA3GY66XNG5ExtEuGASA=="],

    "typebox": ["typebox@1.3.31", "", {}, "sha512-7++UxOb7lAJbJ8pbhN2Yl/ljadShbHZ6GQwst/YEUAlVh1nP8LqYpC2t+R1VysunFpmDffDzhZRsvGchx0PqUA=="],
  }
}
